
Microsoft Visual Studio Solution File, Format Version 12.00
# Visual Studio 15
VisualStudioVersion = 15.0.28307.106
MinimumVisualStudioVersion = 10.0.40219.1
Project("{FAE04EC0-301F-11D3-BF4B-00C04F79EFBC}") = "Presentation", "Presentation\Presentation.csproj", "{FE43FE4C-43EE-4D05-984F-848B8528134F}"
EndProject
Project("{FAE04EC0-301F-11D3-BF4B-00C04F79EFBC}") = "BUS", "BUS\BUS.csproj", "{C71AD66A-F7D4-45F1-A3F1-03447E0DE4B6}"
EndProject
Project("{FAE04EC0-301F-11D3-BF4B-00C04F79EFBC}") = "DAO", "DAO\DAO.csproj", "{650ABBB7-4728-4B02-BFF3-B249746A7646}"
EndProject
Project("{FAE04EC0-301F-11D3-BF4B-00C04F79EFBC}") = "DTO", "DTO\DTO.csproj", "{1F4A4A43-1640-4998-A001-E2FDE07D5F32}"
EndProject
Global
	GlobalSection(SolutionConfigurationPlatforms) = preSolution
		Debug|Any CPU = Debug|Any CPU
		Release|Any CPU = Release|Any CPU
	EndGlobalSection
	GlobalSection(ProjectConfigurationPlatforms) = postSolution
		{FE43FE4C-43EE-4D05-984F-848B8528134F}.Debug|Any CPU.ActiveCfg = Debug|Any CPU
		{FE43FE4C-43EE-4D05-984F-848B8528134F}.Debug|Any CPU.Build.0 = Debug|Any CPU
		{FE43FE4C-43EE-4D05-984F-848B8528134F}.Release|Any CPU.ActiveCfg = Release|Any CPU
		{FE43FE4C-43EE-4D05-984F-848B8528134F}.Release|Any CPU.Build.0 = Release|Any CPU
		{C71AD66A-F7D4-45F1-A3F1-03447E0DE4B6}.Debug|Any CPU.ActiveCfg = Debug|Any CPU
		{C71AD66A-F7D4-45F1-A3F1-03447E0DE4B6}.Debug|Any CPU.Build.0 = Debug|Any CPU
		{C71AD66A-F7D4-45F1-A3F1-03447E0DE4B6}.Release|Any CPU.ActiveCfg = Release|Any CPU
		{C71AD66A-F7D4-45F1-A3F1-03447E0DE4B6}.Release|Any CPU.Build.0 = Release|Any CPU
		{650ABBB7-4728-4B02-BFF3-B249746A7646}.Debug|Any CPU.ActiveCfg = Debug|Any CPU
		{650ABBB7-4728-4B02-BFF3-B249746A7646}.Debug|Any CPU.Build.0 = Debug|Any CPU
		{650ABBB7-4728-4B02-BFF3-B249746A7646}.Release|Any CPU.ActiveCfg = Release|Any CPU
		{650ABBB7-4728-4B02-BFF3-B249746A7646}.Release|Any CPU.Build.0 = Release|Any CPU
		{1F4A4A43-1640-4998-A001-E2FDE07D5F32}.Debug|Any CPU.ActiveCfg = Debug|Any CPU
		{1F4A4A43-1640-4998-A001-E2FDE07D5F32}.Debug|Any CPU.Build.0 = Debug|Any CPU
		{1F4A4A43-1640-4998-A001-E2FDE07D5F32}.Release|Any CPU.ActiveCfg = Release|Any CPU
		{1F4A4A43-1640-4998-A001-E2FDE07D5F32}.Release|Any CPU.Build.0 = Release|Any CPU
	EndGlobalSection
	GlobalSection(SolutionProperties) = preSolution
		HideSolutionNode = FALSE
	EndGlobalSection
	GlobalSection(ExtensibilityGlobals) = postSolution
		SolutionGuid = {12A81D19-2CF5-48AD-B399-68B4BD8E2155}
	EndGlobalSection
EndGlobal
